
Microsoft Visual Studio Solution File, Format Version 12.00
# Visual Studio 15
VisualStudioVersion = 15.0.28307.705
MinimumVisualStudioVersion = 10.0.40219.1
Project("{FAE04EC0-301F-11D3-BF4B-00C04F79EFBC}") = "Ipcamera", "Ipcamera\Ipcamera.csproj", "{033B3F4A-E6A8-462A-9947-2FCC65607854}"
EndProject
Global
	GlobalSection(SolutionConfigurationPlatforms) = preSolution
		Debug|Any CPU = Debug|Any CPU
		Release|Any CPU = Release|Any CPU
	EndGlobalSection
	GlobalSection(ProjectConfigurationPlatforms) = postSolution
		{033B3F4A-E6A8-462A-9947-2FCC65607854}.Debug|Any CPU.ActiveCfg = Debug|Any CPU
		{033B3F4A-E6A8-462A-9947-2FCC65607854}.Debug|Any CPU.Build.0 = Debug|Any CPU
		{033B3F4A-E6A8-462A-9947-2FCC65607854}.Release|Any CPU.ActiveCfg = Release|Any CPU
		{033B3F4A-E6A8-462A-9947-2FCC65607854}.Release|Any CPU.Build.0 = Release|Any CPU
	EndGlobalSection
	GlobalSection(SolutionProperties) = preSolution
		HideSolutionNode = FALSE
	EndGlobalSection
	GlobalSection(ExtensibilityGlobals) = postSolution
		SolutionGuid = {38040E45-2071-4FC8-93B4-5CF8CDBFCE4B}
	EndGlobalSection
EndGlobal
